
Microsoft Visual Studio Solution File, Format Version 12.00
# Visual Studio Version 17
VisualStudioVersion = 17.7.34221.43
MinimumVisualStudioVersion = 10.0.40219.1
Project("{2150E333-8FDC-42A3-9474-1A3956D46DE8}") = "Services", "Services", "{FB7DC8D8-919D-4ADC-8961-9EA56B8E83C8}"
EndProject
Project("{2150E333-8FDC-42A3-9474-1A3956D46DE8}") = "Catalog", "Catalog", "{4401F292-983F-46C7-B532-15E941A0B10B}"
EndProject
Project("{9A19103F-16F7-4668-BE54-9A1E7A4F7556}") = "Catalog.API", "Services\Catalog\Catalog.API\Catalog.API.csproj", "{97EC4C3C-EC9E-4B19-9E10-948DEC3B0011}"
EndProject
Project("{E53339B2-1760-4266-BCC7-CA923CBCF16C}") = "docker-compose", "docker-compose.dcproj", "{2DAA5935-4E8E-4B41-869B-9C27E85F0F65}"
EndProject
Project("{2150E333-8FDC-42A3-9474-1A3956D46DE8}") = "Basket", "Basket", "{EBC23CB2-203A-4550-9B46-807AF0D8C5A7}"
EndProject
Project("{9A19103F-16F7-4668-BE54-9A1E7A4F7556}") = "Basket.API", "Services\Basket\Basket.API\Basket.API.csproj", "{E82E2E6D-EA81-453B-B5B6-F89F07999D72}"
EndProject
Project("{2150E333-8FDC-42A3-9474-1A3956D46DE8}") = "Discount", "Discount", "{B878F08E-3F3B-4D9B-9757-45065F5E1790}"
EndProject
Project("{9A19103F-16F7-4668-BE54-9A1E7A4F7556}") = "Discount.API", "Services\Discount\Discount.API\Discount.API.csproj", "{51144D01-6889-484F-B512-841A7B1873E8}"
EndProject
Project("{FAE04EC0-301F-11D3-BF4B-00C04F79EFBC}") = "Discount.Grpc", "Services\Discount\Discount.Grpc\Discount.Grpc.csproj", "{247ABB58-A67C-4304-9235-006D6F7813F8}"
EndProject
Global
	GlobalSection(SolutionConfigurationPlatforms) = preSolution
		Debug|Any CPU = Debug|Any CPU
		Release|Any CPU = Release|Any CPU
	EndGlobalSection
	GlobalSection(ProjectConfigurationPlatforms) = postSolution
		{97EC4C3C-EC9E-4B19-9E10-948DEC3B0011}.Debug|Any CPU.ActiveCfg = Debug|Any CPU
		{97EC4C3C-EC9E-4B19-9E10-948DEC3B0011}.Debug|Any CPU.Build.0 = Debug|Any CPU
		{97EC4C3C-EC9E-4B19-9E10-948DEC3B0011}.Release|Any CPU.ActiveCfg = Release|Any CPU
		{97EC4C3C-EC9E-4B19-9E10-948DEC3B0011}.Release|Any CPU.Build.0 = Release|Any CPU
		{2DAA5935-4E8E-4B41-869B-9C27E85F0F65}.Debug|Any CPU.ActiveCfg = Debug|Any CPU
		{2DAA5935-4E8E-4B41-869B-9C27E85F0F65}.Debug|Any CPU.Build.0 = Debug|Any CPU
		{2DAA5935-4E8E-4B41-869B-9C27E85F0F65}.Release|Any CPU.ActiveCfg = Release|Any CPU
		{2DAA5935-4E8E-4B41-869B-9C27E85F0F65}.Release|Any CPU.Build.0 = Release|Any CPU
		{E82E2E6D-EA81-453B-B5B6-F89F07999D72}.Debug|Any CPU.ActiveCfg = Debug|Any CPU
		{E82E2E6D-EA81-453B-B5B6-F89F07999D72}.Debug|Any CPU.Build.0 = Debug|Any CPU
		{E82E2E6D-EA81-453B-B5B6-F89F07999D72}.Release|Any CPU.ActiveCfg = Release|Any CPU
		{E82E2E6D-EA81-453B-B5B6-F89F07999D72}.Release|Any CPU.Build.0 = Release|Any CPU
		{51144D01-6889-484F-B512-841A7B1873E8}.Debug|Any CPU.ActiveCfg = Debug|Any CPU
		{51144D01-6889-484F-B512-841A7B1873E8}.Debug|Any CPU.Build.0 = Debug|Any CPU
		{51144D01-6889-484F-B512-841A7B1873E8}.Release|Any CPU.ActiveCfg = Release|Any CPU
		{51144D01-6889-484F-B512-841A7B1873E8}.Release|Any CPU.Build.0 = Release|Any CPU
		{247ABB58-A67C-4304-9235-006D6F7813F8}.Debug|Any CPU.ActiveCfg = Debug|Any CPU
		{247ABB58-A67C-4304-9235-006D6F7813F8}.Debug|Any CPU.Build.0 = Debug|Any CPU
		{247ABB58-A67C-4304-9235-006D6F7813F8}.Release|Any CPU.ActiveCfg = Release|Any CPU
		{247ABB58-A67C-4304-9235-006D6F7813F8}.Release|Any CPU.Build.0 = Release|Any CPU
	EndGlobalSection
	GlobalSection(SolutionProperties) = preSolution
		HideSolutionNode = FALSE
	EndGlobalSection
	GlobalSection(NestedProjects) = preSolution
		{4401F292-983F-46C7-B532-15E941A0B10B} = {FB7DC8D8-919D-4ADC-8961-9EA56B8E83C8}
		{97EC4C3C-EC9E-4B19-9E10-948DEC3B0011} = {4401F292-983F-46C7-B532-15E941A0B10B}
		{EBC23CB2-203A-4550-9B46-807AF0D8C5A7} = {FB7DC8D8-919D-4ADC-8961-9EA56B8E83C8}
		{E82E2E6D-EA81-453B-B5B6-F89F07999D72} = {EBC23CB2-203A-4550-9B46-807AF0D8C5A7}
		{B878F08E-3F3B-4D9B-9757-45065F5E1790} = {FB7DC8D8-919D-4ADC-8961-9EA56B8E83C8}
		{51144D01-6889-484F-B512-841A7B1873E8} = {B878F08E-3F3B-4D9B-9757-45065F5E1790}
		{247ABB58-A67C-4304-9235-006D6F7813F8} = {B878F08E-3F3B-4D9B-9757-45065F5E1790}
	EndGlobalSection
	GlobalSection(ExtensibilityGlobals) = postSolution
		SolutionGuid = {BAFACA46-A3FA-4C78-9DFD-FA82BEF9612E}
	EndGlobalSection
EndGlobal
